
Microsoft Visual Studio Solution File, Format Version 12.00
# Visual Studio Version 16
VisualStudioVersion = 16.0.30204.135
MinimumVisualStudioVersion = 10.0.40219.1
Project("{FAE04EC0-301F-11D3-BF4B-00C04F79EFBC}") = "Kepler_Demo.Services", "Kepler_Demo.Services\Kepler_Demo.Services.csproj", "{B042107C-2DB5-4407-8742-8BD2A592B07E}"
EndProject
Project("{FAE04EC0-301F-11D3-BF4B-00C04F79EFBC}") = "Kepler_Demo.Interfaces", "Kepler_Demo.Interfaces\Kepler_Demo.Interfaces.csproj", "{9CB85A3E-DA1F-4F6C-8558-68AFBD2FD4B0}"
EndProject
Global
	GlobalSection(SolutionConfigurationPlatforms) = preSolution
		Debug|Any CPU = Debug|Any CPU
		Release|Any CPU = Release|Any CPU
	EndGlobalSection
	GlobalSection(ProjectConfigurationPlatforms) = postSolution
		{B042107C-2DB5-4407-8742-8BD2A592B07E}.Debug|Any CPU.ActiveCfg = Debug|Any CPU
		{B042107C-2DB5-4407-8742-8BD2A592B07E}.Debug|Any CPU.Build.0 = Debug|Any CPU
		{B042107C-2DB5-4407-8742-8BD2A592B07E}.Release|Any CPU.ActiveCfg = Release|Any CPU
		{B042107C-2DB5-4407-8742-8BD2A592B07E}.Release|Any CPU.Build.0 = Release|Any CPU
		{9CB85A3E-DA1F-4F6C-8558-68AFBD2FD4B0}.Debug|Any CPU.ActiveCfg = Debug|Any CPU
		{9CB85A3E-DA1F-4F6C-8558-68AFBD2FD4B0}.Debug|Any CPU.Build.0 = Debug|Any CPU
		{9CB85A3E-DA1F-4F6C-8558-68AFBD2FD4B0}.Release|Any CPU.ActiveCfg = Release|Any CPU
		{9CB85A3E-DA1F-4F6C-8558-68AFBD2FD4B0}.Release|Any CPU.Build.0 = Release|Any CPU
	EndGlobalSection
	GlobalSection(SolutionProperties) = preSolution
		HideSolutionNode = FALSE
	EndGlobalSection
	GlobalSection(ExtensibilityGlobals) = postSolution
		SolutionGuid = {4C652033-70B8-47BA-B99C-0E9B392B5B1D}
	EndGlobalSection
EndGlobal
